// !$*UTF8*$!
{
	archiveVersion = 1;
	classes = {
	};
	objectVersion = 50;
	objects = {

/* Begin PBXBuildFile section */
		D621259F263BFCA2001E80B1 /* MainViewController.swift in Sources */ = {isa = PBXBuildFile; fileRef = D621259E263BFCA2001E80B1 /* MainViewController.swift */; };
		D62125A4263C005C001E80B1 /* UIViewController+Extensions.swift in Sources */ = {isa = PBXBuildFile; fileRef = D62125A3263C005C001E80B1 /* UIViewController+Extensions.swift */; };
		D62125B4263C1478001E80B1 /* UIView+Extensions.swift in Sources */ = {isa = PBXBuildFile; fileRef = D62125B3263C1478001E80B1 /* UIView+Extensions.swift */; };
		D690B5D02691E241007E81EE /* AVPlayer+Extensions.swift in Sources */ = {isa = PBXBuildFile; fileRef = D690B5CF2691E241007E81EE /* AVPlayer+Extensions.swift */; };
		D696F7DE263E7105002BA748 /* CMTime+Extensions.swift in Sources */ = {isa = PBXBuildFile; fileRef = D696F7DD263E7105002BA748 /* CMTime+Extensions.swift */; };
		D696F7E126402487002BA748 /* CustomVolumeView.swift in Sources */ = {isa = PBXBuildFile; fileRef = D696F7E026402487002BA748 /* CustomVolumeView.swift */; };
		D6A24204263B09C4006065C8 /* AppDelegate.swift in Sources */ = {isa = PBXBuildFile; fileRef = D6A24203263B09C4006065C8 /* AppDelegate.swift */; };
		D6A24206263B09C4006065C8 /* SceneDelegate.swift in Sources */ = {isa = PBXBuildFile; fileRef = D6A24205263B09C4006065C8 /* SceneDelegate.swift */; };
		D6A24208263B09C4006065C8 /* VideoPlayerController.swift in Sources */ = {isa = PBXBuildFile; fileRef = D6A24207263B09C4006065C8 /* VideoPlayerController.swift */; };
		D6A2420B263B09C4006065C8 /* Main.storyboard in Resources */ = {isa = PBXBuildFile; fileRef = D6A24209263B09C4006065C8 /* Main.storyboard */; };
		D6A2420D263B09C6006065C8 /* Assets.xcassets in Resources */ = {isa = PBXBuildFile; fileRef = D6A2420C263B09C6006065C8 /* Assets.xcassets */; };
		D6A24210263B09C6006065C8 /* LaunchScreen.storyboard in Resources */ = {isa = PBXBuildFile; fileRef = D6A2420E263B09C6006065C8 /* LaunchScreen.storyboard */; };
		D6C9ECE7264EAFCE00A27D34 /* PlayBackView.swift in Sources */ = {isa = PBXBuildFile; fileRef = D6C9ECE6264EAFCE00A27D34 /* PlayBackView.swift */; };
		D6C9ECEB264EAFF700A27D34 /* PlayBackView.xib in Resources */ = {isa = PBXBuildFile; fileRef = D6C9ECEA264EAFF700A27D34 /* PlayBackView.xib */; };
/* End PBXBuildFile section */

/* Begin PBXFileReference section */
		D621259E263BFCA2001E80B1 /* MainViewController.swift */ = {isa = PBXFileReference; lastKnownFileType = sourcecode.swift; path = MainViewController.swift; sourceTree = "<group>"; };
		D62125A3263C005C001E80B1 /* UIViewController+Extensions.swift */ = {isa = PBXFileReference; lastKnownFileType = sourcecode.swift; path = "UIViewController+Extensions.swift"; sourceTree = "<group>"; };
		D62125B3263C1478001E80B1 /* UIView+Extensions.swift */ = {isa = PBXFileReference; lastKnownFileType = sourcecode.swift; path = "UIView+Extensions.swift"; sourceTree = "<group>"; };
		D690B5CF2691E241007E81EE /* AVPlayer+Extensions.swift */ = {isa = PBXFileReference; lastKnownFileType = sourcecode.swift; path = "AVPlayer+Extensions.swift"; sourceTree = "<group>"; };
		D696F7DD263E7105002BA748 /* CMTime+Extensions.swift */ = {isa = PBXFileReference; lastKnownFileType = sourcecode.swift; path = "CMTime+Extensions.swift"; sourceTree = "<group>"; };
		D696F7E026402487002BA748 /* CustomVolumeView.swift */ = {isa = PBXFileReference; lastKnownFileType = sourcecode.swift; path = CustomVolumeView.swift; sourceTree = "<group>"; };
		D6A24200263B09C4006065C8 /* CustomVideoPlayer.app */ = {isa = PBXFileReference; explicitFileType = wrapper.application; includeInIndex = 0; path = CustomVideoPlayer.app; sourceTree = BUILT_PRODUCTS_DIR; };
		D6A24203263B09C4006065C8 /* AppDelegate.swift */ = {isa = PBXFileReference; lastKnownFileType = sourcecode.swift; path = AppDelegate.swift; sourceTree = "<group>"; };
		D6A24205263B09C4006065C8 /* SceneDelegate.swift */ = {isa = PBXFileReference; lastKnownFileType = sourcecode.swift; path = SceneDelegate.swift; sourceTree = "<group>"; };
		D6A24207263B09C4006065C8 /* VideoPlayerController.swift */ = {isa = PBXFileReference; lastKnownFileType = sourcecode.swift; path = VideoPlayerController.swift; sourceTree = "<group>"; };
		D6A2420A263B09C4006065C8 /* Base */ = {isa = PBXFileReference; lastKnownFileType = file.storyboard; name = Base; path = Base.lproj/Main.storyboard; sourceTree = "<group>"; };
		D6A2420C263B09C6006065C8 /* Assets.xcassets */ = {isa = PBXFileReference; lastKnownFileType = folder.assetcatalog; path = Assets.xcassets; sourceTree = "<group>"; };
		D6A2420F263B09C6006065C8 /* Base */ = {isa = PBXFileReference; lastKnownFileType = file.storyboard; name = Base; path = Base.lproj/LaunchScreen.storyboard; sourceTree = "<group>"; };
		D6A24211263B09C6006065C8 /* Info.plist */ = {isa = PBXFileReference; lastKnownFileType = text.plist.xml; path = Info.plist; sourceTree = "<group>"; };
		D6C9ECE6264EAFCE00A27D34 /* PlayBackView.swift */ = {isa = PBXFileReference; lastKnownFileType = sourcecode.swift; path = PlayBackView.swift; sourceTree = "<group>"; };
		D6C9ECEA264EAFF700A27D34 /* PlayBackView.xib */ = {isa = PBXFileReference; lastKnownFileType = file.xib; path = PlayBackView.xib; sourceTree = "<group>"; };
/* End PBXFileReference section */

/* Begin PBXFrameworksBuildPhase section */
		D6A241FD263B09C4006065C8 /* Frameworks */ = {
			isa = PBXFrameworksBuildPhase;
			buildActionMask = 2147483647;
			files = (
			);
			runOnlyForDeploymentPostprocessing = 0;
		};
/* End PBXFrameworksBuildPhase section */

/* Begin PBXGroup section */
		D62125B2263C146A001E80B1 /* Extensions */ = {
			isa = PBXGroup;
			children = (
				D62125B3263C1478001E80B1 /* UIView+Extensions.swift */,
				D62125A3263C005C001E80B1 /* UIViewController+Extensions.swift */,
				D696F7DD263E7105002BA748 /* CMTime+Extensions.swift */,
				D690B5CF2691E241007E81EE /* AVPlayer+Extensions.swift */,
			);
			path = Extensions;
			sourceTree = "<group>";
		};
		D6A241F7263B09C4006065C8 = {
			isa = PBXGroup;
			children = (
				D6A24202263B09C4006065C8 /* CustomVideoPlayer */,
				D6A24201263B09C4006065C8 /* Products */,
			);
			sourceTree = "<group>";
		};
		D6A24201263B09C4006065C8 /* Products */ = {
			isa = PBXGroup;
			children = (
				D6A24200263B09C4006065C8 /* CustomVideoPlayer.app */,
			);
			name = Products;
			sourceTree = "<group>";
		};
		D6A24202263B09C4006065C8 /* CustomVideoPlayer */ = {
			isa = PBXGroup;
			children = (
				D6C9ECE5264EAFAB00A27D34 /* Views */,
				D62125B2263C146A001E80B1 /* Extensions */,
				D6A24203263B09C4006065C8 /* AppDelegate.swift */,
				D6A24205263B09C4006065C8 /* SceneDelegate.swift */,
				D6A24207263B09C4006065C8 /* VideoPlayerController.swift */,
				D6A24209263B09C4006065C8 /* Main.storyboard */,
				D6A2420C263B09C6006065C8 /* Assets.xcassets */,
				D6A2420E263B09C6006065C8 /* LaunchScreen.storyboard */,
				D6A24211263B09C6006065C8 /* Info.plist */,
				D621259E263BFCA2001E80B1 /* MainViewController.swift */,
			);
			path = CustomVideoPlayer;
			sourceTree = "<group>";
		};
		D6C9ECE4264EAF9600A27D34 /* PlayBack */ = {
			isa = PBXGroup;
			children = (
				D6C9ECE6264EAFCE00A27D34 /* PlayBackView.swift */,
				D6C9ECEA264EAFF700A27D34 /* PlayBackView.xib */,
			);
			path = PlayBack;
			sourceTree = "<group>";
		};
		D6C9ECE5264EAFAB00A27D34 /* Views */ = {
			isa = PBXGroup;
			children = (
				D6C9ECE4264EAF9600A27D34 /* PlayBack */,
				D696F7E026402487002BA748 /* CustomVolumeView.swift */,
			);
			path = Views;
			sourceTree = "<group>";
		};
/* End PBXGroup section */

/* Begin PBXNativeTarget section */
		D6A241FF263B09C4006065C8 /* CustomVideoPlayer */ = {
			isa = PBXNativeTarget;
			buildConfigurationList = D6A24214263B09C7006065C8 /* Build configuration list for PBXNativeTarget "CustomVideoPlayer" */;
			buildPhases = (
				D6A241FC263B09C4006065C8 /* Sources */,
				D6A241FD263B09C4006065C8 /* Frameworks */,
				D6A241FE263B09C4006065C8 /* Resources */,
			);
			buildRules = (
			);
			dependencies = (
			);
			name = CustomVideoPlayer;
			productName = CustomVideoPlayer;
			productReference = D6A24200263B09C4006065C8 /* CustomVideoPlayer.app */;
			productType = "com.apple.product-type.application";
		};
/* End PBXNativeTarget section */

/* Begin PBXProject section */
		D6A241F8263B09C4006065C8 /* Project object */ = {
			isa = PBXProject;
			attributes = {
				LastSwiftUpdateCheck = 1240;
				LastUpgradeCheck = 1240;
				TargetAttributes = {
					D6A241FF263B09C4006065C8 = {
						CreatedOnToolsVersion = 12.4;
					};
				};
			};
			buildConfigurationList = D6A241FB263B09C4006065C8 /* Build configuration list for PBXProject "CustomVideoPlayer" */;
			compatibilityVersion = "Xcode 9.3";
			developmentRegion = en;
			hasScannedForEncodings = 0;
			knownRegions = (
				en,
				Base,
			);
			mainGroup = D6A241F7263B09C4006065C8;
			productRefGroup = D6A24201263B09C4006065C8 /* Products */;
			projectDirPath = "";
			projectRoot = "";
			targets = (
				D6A241FF263B09C4006065C8 /* CustomVideoPlayer */,
			);
		};
/* End PBXProject section */

/* Begin PBXResourcesBuildPhase section */
		D6A241FE263B09C4006065C8 /* Resources */ = {
			isa = PBXResourcesBuildPhase;
			buildActionMask = 2147483647;
			files = (
				D6A24210263B09C6006065C8 /* LaunchScreen.storyboard in Resources */,
				D6A2420D263B09C6006065C8 /* Assets.xcassets in Resources */,
				D6A2420B263B09C4006065C8 /* Main.storyboard in Resources */,
				D6C9ECEB264EAFF700A27D34 /* PlayBackView.xib in Resources */,
			);
			runOnlyForDeploymentPostprocessing = 0;
		};
/* End PBXResourcesBuildPhase section */

/* Begin PBXSourcesBuildPhase section */
		D6A241FC263B09C4006065C8 /* Sources */ = {
			isa = PBXSourcesBuildPhase;
			buildActionMask = 2147483647;
			files = (
				D696F7E126402487002BA748 /* CustomVolumeView.swift in Sources */,
				D62125B4263C1478001E80B1 /* UIView+Extensions.swift in Sources */,
				D696F7DE263E7105002BA748 /* CMTime+Extensions.swift in Sources */,
				D6A24208263B09C4006065C8 /* VideoPlayerController.swift in Sources */,
				D6A24204263B09C4006065C8 /* AppDelegate.swift in Sources */,
				D62125A4263C005C001E80B1 /* UIViewController+Extensions.swift in Sources */,
				D6A24206263B09C4006065C8 /* SceneDelegate.swift in Sources */,
				D6C9ECE7264EAFCE00A27D34 /* PlayBackView.swift in Sources */,
				D621259F263BFCA2001E80B1 /* MainViewController.swift in Sources */,
				D690B5D02691E241007E81EE /* AVPlayer+Extensions.swift in Sources */,
			);
			runOnlyForDeploymentPostprocessing = 0;
		};
/* End PBXSourcesBuildPhase section */

/* Begin PBXVariantGroup section */
		D6A24209263B09C4006065C8 /* Main.storyboard */ = {
			isa = PBXVariantGroup;
			children = (
				D6A2420A263B09C4006065C8 /* Base */,
			);
			name = Main.storyboard;
			sourceTree = "<group>";
		};
		D6A2420E263B09C6006065C8 /* LaunchScreen.storyboard */ = {
			isa = PBXVariantGroup;
			children = (
				D6A2420F263B09C6006065C8 /* Base */,
			);
			name = LaunchScreen.storyboard;
			sourceTree = "<group>";
		};
/* End PBXVariantGroup section */

/* Begin XCBuildConfiguration section */
		D6A24212263B09C7006065C8 /* Debug */ = {
			isa = XCBuildConfiguration;
			buildSettings = {
				ALWAYS_SEARCH_USER_PATHS = NO;
				CLANG_ANALYZER_NONNULL = YES;
				CLANG_ANALYZER_NUMBER_OBJECT_CONVERSION = YES_AGGRESSIVE;
				CLANG_CXX_LANGUAGE_STANDARD = "gnu++14";
				CLANG_CXX_LIBRARY = "libc++";
				CLANG_ENABLE_MODULES = YES;
				CLANG_ENABLE_OBJC_ARC = YES;
				CLANG_ENABLE_OBJC_WEAK = YES;
				CLANG_WARN_BLOCK_CAPTURE_AUTORELEASING = YES;
				CLANG_WARN_BOOL_CONVERSION = YES;
				CLANG_WARN_COMMA = YES;
				CLANG_WARN_CONSTANT_CONVERSION = YES;
				CLANG_WARN_DEPRECATED_OBJC_IMPLEMENTATIONS = YES;
				CLANG_WARN_DIRECT_OBJC_ISA_USAGE = YES_ERROR;
				CLANG_WARN_DOCUMENTATION_COMMENTS = YES;
				CLANG_WARN_EMPTY_BODY = YES;
				CLANG_WARN_ENUM_CONVERSION = YES;
				CLANG_WARN_INFINITE_RECURSION = YES;
				CLANG_WARN_INT_CONVERSION = YES;
				CLANG_WARN_NON_LITERAL_NULL_CONVERSION = YES;
				CLANG_WARN_OBJC_IMPLICIT_RETAIN_SELF = YES;
				CLANG_WARN_OBJC_LITERAL_CONVERSION = YES;
				CLANG_WARN_OBJC_ROOT_CLASS = YES_ERROR;
				CLANG_WARN_QUOTED_INCLUDE_IN_FRAMEWORK_HEADER = YES;
				CLANG_WARN_RANGE_LOOP_ANALYSIS = YES;
				CLANG_WARN_STRICT_PROTOTYPES = YES;
				CLANG_WARN_SUSPICIOUS_MOVE = YES;
				CLANG_WARN_UNGUARDED_AVAILABILITY = YES_AGGRESSIVE;
				CLANG_WARN_UNREACHABLE_CODE = YES;
				CLANG_WARN__DUPLICATE_METHOD_MATCH = YES;
				COPY_PHASE_STRIP = NO;
				DEBUG_INFORMATION_FORMAT = dwarf;
				ENABLE_STRICT_OBJC_MSGSEND = YES;
				ENABLE_TESTABILITY = YES;
				GCC_C_LANGUAGE_STANDARD = gnu11;
				GCC_DYNAMIC_NO_PIC = NO;
				GCC_NO_COMMON_BLOCKS = YES;
				GCC_OPTIMIZATION_LEVEL = 0;
				GCC_PREPROCESSOR_DEFINITIONS = (
					"DEBUG=1",
					"$(inherited)",
				);
				GCC_WARN_64_TO_32_BIT_CONVERSION = YES;
				GCC_WARN_ABOUT_RETURN_TYPE = YES_ERROR;
				GCC_WARN_UNDECLARED_SELECTOR = YES;
				GCC_WARN_UNINITIALIZED_AUTOS = YES_AGGRESSIVE;
				GCC_WARN_UNUSED_FUNCTION = YES;
				GCC_WARN_UNUSED_VARIABLE = YES;
				IPHONEOS_DEPLOYMENT_TARGET = 14.4;
				MTL_ENABLE_DEBUG_INFO = INCLUDE_SOURCE;
				MTL_FAST_MATH = YES;
				ONLY_ACTIVE_ARCH = YES;
				SDKROOT = iphoneos;
				SWIFT_ACTIVE_COMPILATION_CONDITIONS = DEBUG;
				SWIFT_OPTIMIZATION_LEVEL = "-Onone";
			};
			name = Debug;
		};
		D6A24213263B09C7006065C8 /* Release */ = {
			isa = XCBuildConfiguration;
			buildSettings = {
				ALWAYS_SEARCH_USER_PATHS = NO;
				CLANG_ANALYZER_NONNULL = YES;
				CLANG_ANALYZER_NUMBER_OBJECT_CONVERSION = YES_AGGRESSIVE;
				CLANG_CXX_LANGUAGE_STANDARD = "gnu++14";
				CLANG_CXX_LIBRARY = "libc++";
				CLANG_ENABLE_MODULES = YES;
				CLANG_ENABLE_OBJC_ARC = YES;
				CLANG_ENABLE_OBJC_WEAK = YES;
				CLANG_WARN_BLOCK_CAPTURE_AUTORELEASING = YES;
				CLANG_WARN_BOOL_CONVERSION = YES;
				CLANG_WARN_COMMA = YES;
				CLANG_WARN_CONSTANT_CONVERSION = YES;
				CLANG_WARN_DEPRECATED_OBJC_IMPLEMENTATIONS = YES;
				CLANG_WARN_DIRECT_OBJC_ISA_USAGE = YES_ERROR;
				CLANG_WARN_DOCUMENTATION_COMMENTS = YES;
				CLANG_WARN_EMPTY_BODY = YES;
				CLANG_WARN_ENUM_CONVERSION = YES;
				CLANG_WARN_INFINITE_RECURSION = YES;
				CLANG_WARN_INT_CONVERSION = YES;
				CLANG_WARN_NON_LITERAL_NULL_CONVERSION = YES;
				CLANG_WARN_OBJC_IMPLICIT_RETAIN_SELF = YES;
				CLANG_WARN_OBJC_LITERAL_CONVERSION = YES;
				CLANG_WARN_OBJC_ROOT_CLASS = YES_ERROR;
				CLANG_WARN_QUOTED_INCLUDE_IN_FRAMEWORK_HEADER = YES;
				CLANG_WARN_RANGE_LOOP_ANALYSIS = YES;
				CLANG_WARN_STRICT_PROTOTYPES = YES;
				CLANG_WARN_SUSPICIOUS_MOVE = YES;
				CLANG_WARN_UNGUARDED_AVAILABILITY = YES_AGGRESSIVE;
				CLANG_WARN_UNREACHABLE_CODE = YES;
				CLANG_WARN__DUPLICATE_METHOD_MATCH = YES;
				COPY_PHASE_STRIP = NO;
				DEBUG_INFORMATION_FORMAT = "dwarf-with-dsym";
				ENABLE_NS_ASSERTIONS = NO;
				ENABLE_STRICT_OBJC_MSGSEND = YES;
				GCC_C_LANGUAGE_STANDARD = gnu11;
				GCC_NO_COMMON_BLOCKS = YES;
				GCC_WARN_64_TO_32_BIT_CONVERSION = YES;
				GCC_WARN_ABOUT_RETURN_TYPE = YES_ERROR;
				GCC_WARN_UNDECLARED_SELECTOR = YES;
				GCC_WARN_UNINITIALIZED_AUTOS = YES_AGGRESSIVE;
				GCC_WARN_UNUSED_FUNCTION = YES;
				GCC_WARN_UNUSED_VARIABLE = YES;
				IPHONEOS_DEPLOYMENT_TARGET = 14.4;
				MTL_ENABLE_DEBUG_INFO = NO;
				MTL_FAST_MATH = YES;
				SDKROOT = iphoneos;
				SWIFT_COMPILATION_MODE = wholemodule;
				SWIFT_OPTIMIZATION_LEVEL = "-O";
				VALIDATE_PRODUCT = YES;
			};
			name = Release;
		};
		D6A24215263B09C7006065C8 /* Debug */ = {
			isa = XCBuildConfiguration;
			buildSettings = {
				ASSETCATALOG_COMPILER_APPICON_NAME = AppIcon;
				ASSETCATALOG_COMPILER_GLOBAL_ACCENT_COLOR_NAME = AccentColor;
				CODE_SIGN_STYLE = Automatic;
				DEVELOPMENT_TEAM = 2FVQE295NZ;
				INFOPLIST_FILE = CustomVideoPlayer/Info.plist;
				IPHONEOS_DEPLOYMENT_TARGET = 13.0;
				LD_RUNPATH_SEARCH_PATHS = (
					"$(inherited)",
					"@executable_path/Frameworks",
				);
				PRODUCT_BUNDLE_IDENTIFIER = "com.huy-nguyen.CustomVideoPlayer";
				PRODUCT_NAME = "$(TARGET_NAME)";
				SWIFT_VERSION = 5.0;
				TARGETED_DEVICE_FAMILY = "1,2";
			};
			name = Debug;
		};
		D6A24216263B09C7006065C8 /* Release */ = {
			isa = XCBuildConfiguration;
			buildSettings = {
				ASSETCATALOG_COMPILER_APPICON_NAME = AppIcon;
				ASSETCATALOG_COMPILER_GLOBAL_ACCENT_COLOR_NAME = AccentColor;
				CODE_SIGN_STYLE = Automatic;
				DEVELOPMENT_TEAM = 2FVQE295NZ;
				INFOPLIST_FILE = CustomVideoPlayer/Info.plist;
				IPHONEOS_DEPLOYMENT_TARGET = 13.0;
				LD_RUNPATH_SEARCH_PATHS = (
					"$(inherited)",
					"@executable_path/Frameworks",
				);
				PRODUCT_BUNDLE_IDENTIFIER = "com.huy-nguyen.CustomVideoPlayer";
				PRODUCT_NAME = "$(TARGET_NAME)";
				SWIFT_VERSION = 5.0;
				TARGETED_DEVICE_FAMILY = "1,2";
			};
			name = Release;
		};
/* End XCBuildConfiguration section */

/* Begin XCConfigurationList section */
		D6A241FB263B09C4006065C8 /* Build configuration list for PBXProject "CustomVideoPlayer" */ = {
			isa = XCConfigurationList;
			buildConfigurations = (
				D6A24212263B09C7006065C8 /* Debug */,
				D6A24213263B09C7006065C8 /* Release */,
			);
			defaultConfigurationIsVisible = 0;
			defaultConfigurationName = Release;
		};
		D6A24214263B09C7006065C8 /* Build configuration list for PBXNativeTarget "CustomVideoPlayer" */ = {
			isa = XCConfigurationList;
			buildConfigurations = (
				D6A24215263B09C7006065C8 /* Debug */,
				D6A24216263B09C7006065C8 /* Release */,
			);
			defaultConfigurationIsVisible = 0;
			defaultConfigurationName = Release;
		};
/* End XCConfigurationList section */
	};
	rootObject = D6A241F8263B09C4006065C8 /* Project object */;
}
